
Microsoft Visual Studio Solution File, Format Version 12.00
# Visual Studio Version 16
VisualStudioVersion = 16.0.31005.135
MinimumVisualStudioVersion = 10.0.40219.1
Project("{FAE04EC0-301F-11D3-BF4B-00C04F79EFBC}") = "DynamicDataDisplay", "..\..\src\DynamicDataDisplay\DynamicDataDisplay.csproj", "{ECD37682-DF7E-409F-912D-0965634556B5}"
EndProject
Project("{FAE04EC0-301F-11D3-BF4B-00C04F79EFBC}") = "DynamicDataDisplay.Coastline", "..\..\src\DynamicDataDisplay.Coastline\DynamicDataDisplay.Coastline.csproj", "{F14D455C-E581-41FF-8C33-561C85A83449}"
EndProject
Project("{FAE04EC0-301F-11D3-BF4B-00C04F79EFBC}") = "DynamicDataDisplay.Maps", "..\..\src\DynamicDataDisplay.Maps\DynamicDataDisplay.Maps.csproj", "{EB04A4CD-DDE6-49EB-8FB6-39B35482D792}"
EndProject
Project("{FAE04EC0-301F-11D3-BF4B-00C04F79EFBC}") = "DynamicDataDisplay.Maps.VirtualEarth", "..\..\src\DynamicDataDisplay.Maps.VirtualEarth\DynamicDataDisplay.Maps.VirtualEarth.csproj", "{0442A4A7-5E43-4C18-B7B2-3A025CE9ED6A}"
EndProject
Project("{FAE04EC0-301F-11D3-BF4B-00C04F79EFBC}") = "DynamicDataDisplay.Controls", "..\..\src\DynamicDataDisplay.Controls\DynamicDataDisplay.Controls.csproj", "{8AEE9DA5-83F5-401F-8C58-9BAC660A0E6E}"
EndProject
Project("{FAE04EC0-301F-11D3-BF4B-00C04F79EFBC}") = "DynamicDataDisplay.Samples", "..\..\src\DynamicDataDisplay.Samples\DynamicDataDisplay.Samples.csproj", "{16CA59CE-4664-4739-A1B1-1FCD0447595E}"
EndProject
Project("{FAE04EC0-301F-11D3-BF4B-00C04F79EFBC}") = "DynamicDataDisplay.Markers", "..\..\src\DynamicDataDisplay.Markers\DynamicDataDisplay.Markers.csproj", "{A5EB794C-7C62-4A0C-A441-ACF7D4074C5D}"
EndProject
Project("{FAE04EC0-301F-11D3-BF4B-00C04F79EFBC}") = "DynamicDataDisplay.Fractals", "..\..\src\DynamicDataDisplay.Fractals\DynamicDataDisplay.Fractals.csproj", "{579AABDD-978C-4A17-8542-FAC4F2631B08}"
EndProject
Project("{FAE04EC0-301F-11D3-BF4B-00C04F79EFBC}") = "DynamicDataDisplay.Markers.Design", "..\..\src\DynamicDataDisplay.Markers.Design\DynamicDataDisplay.Markers.Design.csproj", "{1F7C9B33-DB38-45B7-9899-2B0B4C725CB7}"
EndProject
Project("{FAE04EC0-301F-11D3-BF4B-00C04F79EFBC}") = "DynamicDataDisplay.Design", "..\..\src\DynamicDataDisplay.Design\DynamicDataDisplay.Design.csproj", "{87501A9E-221C-4965-8F04-B7C1EADE4AFE}"
EndProject
Global
	GlobalSection(SolutionConfigurationPlatforms) = preSolution
		Debug|Any CPU = Debug|Any CPU
		Release|Any CPU = Release|Any CPU
		ReleaseXBAP|Any CPU = ReleaseXBAP|Any CPU
	EndGlobalSection
	GlobalSection(ProjectConfigurationPlatforms) = postSolution
		{ECD37682-DF7E-409F-912D-0965634556B5}.Debug|Any CPU.ActiveCfg = Debug|Any CPU
		{ECD37682-DF7E-409F-912D-0965634556B5}.Debug|Any CPU.Build.0 = Debug|Any CPU
		{ECD37682-DF7E-409F-912D-0965634556B5}.Release|Any CPU.ActiveCfg = Release|Any CPU
		{ECD37682-DF7E-409F-912D-0965634556B5}.Release|Any CPU.Build.0 = Release|Any CPU
		{ECD37682-DF7E-409F-912D-0965634556B5}.ReleaseXBAP|Any CPU.ActiveCfg = ReleaseXBAP|Any CPU
		{ECD37682-DF7E-409F-912D-0965634556B5}.ReleaseXBAP|Any CPU.Build.0 = ReleaseXBAP|Any CPU
		{F14D455C-E581-41FF-8C33-561C85A83449}.Debug|Any CPU.ActiveCfg = Debug|Any CPU
		{F14D455C-E581-41FF-8C33-561C85A83449}.Debug|Any CPU.Build.0 = Debug|Any CPU
		{F14D455C-E581-41FF-8C33-561C85A83449}.Release|Any CPU.ActiveCfg = Release|Any CPU
		{F14D455C-E581-41FF-8C33-561C85A83449}.Release|Any CPU.Build.0 = Release|Any CPU
		{F14D455C-E581-41FF-8C33-561C85A83449}.ReleaseXBAP|Any CPU.ActiveCfg = ReleaseXBAP|Any CPU
		{F14D455C-E581-41FF-8C33-561C85A83449}.ReleaseXBAP|Any CPU.Build.0 = ReleaseXBAP|Any CPU
		{EB04A4CD-DDE6-49EB-8FB6-39B35482D792}.Debug|Any CPU.ActiveCfg = Debug|Any CPU
		{EB04A4CD-DDE6-49EB-8FB6-39B35482D792}.Debug|Any CPU.Build.0 = Debug|Any CPU
		{EB04A4CD-DDE6-49EB-8FB6-39B35482D792}.Release|Any CPU.ActiveCfg = Release|Any CPU
		{EB04A4CD-DDE6-49EB-8FB6-39B35482D792}.Release|Any CPU.Build.0 = Release|Any CPU
		{EB04A4CD-DDE6-49EB-8FB6-39B35482D792}.ReleaseXBAP|Any CPU.ActiveCfg = ReleaseXBAP|Any CPU
		{EB04A4CD-DDE6-49EB-8FB6-39B35482D792}.ReleaseXBAP|Any CPU.Build.0 = ReleaseXBAP|Any CPU
		{0442A4A7-5E43-4C18-B7B2-3A025CE9ED6A}.Debug|Any CPU.ActiveCfg = Debug|Any CPU
		{0442A4A7-5E43-4C18-B7B2-3A025CE9ED6A}.Debug|Any CPU.Build.0 = Debug|Any CPU
		{0442A4A7-5E43-4C18-B7B2-3A025CE9ED6A}.Release|Any CPU.ActiveCfg = Release|Any CPU
		{0442A4A7-5E43-4C18-B7B2-3A025CE9ED6A}.Release|Any CPU.Build.0 = Release|Any CPU
		{0442A4A7-5E43-4C18-B7B2-3A025CE9ED6A}.ReleaseXBAP|Any CPU.ActiveCfg = ReleaseXBAP|Any CPU
		{0442A4A7-5E43-4C18-B7B2-3A025CE9ED6A}.ReleaseXBAP|Any CPU.Build.0 = ReleaseXBAP|Any CPU
		{8AEE9DA5-83F5-401F-8C58-9BAC660A0E6E}.Debug|Any CPU.ActiveCfg = Debug|Any CPU
		{8AEE9DA5-83F5-401F-8C58-9BAC660A0E6E}.Debug|Any CPU.Build.0 = Debug|Any CPU
		{8AEE9DA5-83F5-401F-8C58-9BAC660A0E6E}.Release|Any CPU.ActiveCfg = Release|Any CPU
		{8AEE9DA5-83F5-401F-8C58-9BAC660A0E6E}.Release|Any CPU.Build.0 = Release|Any CPU
		{8AEE9DA5-83F5-401F-8C58-9BAC660A0E6E}.ReleaseXBAP|Any CPU.ActiveCfg = ReleaseXBAP|Any CPU
		{8AEE9DA5-83F5-401F-8C58-9BAC660A0E6E}.ReleaseXBAP|Any CPU.Build.0 = ReleaseXBAP|Any CPU
		{16CA59CE-4664-4739-A1B1-1FCD0447595E}.Debug|Any CPU.ActiveCfg = Debug|Any CPU
		{16CA59CE-4664-4739-A1B1-1FCD0447595E}.Debug|Any CPU.Build.0 = Debug|Any CPU
		{16CA59CE-4664-4739-A1B1-1FCD0447595E}.Release|Any CPU.ActiveCfg = Release|Any CPU
		{16CA59CE-4664-4739-A1B1-1FCD0447595E}.Release|Any CPU.Build.0 = Release|Any CPU
		{16CA59CE-4664-4739-A1B1-1FCD0447595E}.ReleaseXBAP|Any CPU.ActiveCfg = ReleaseXBAP|Any CPU
		{16CA59CE-4664-4739-A1B1-1FCD0447595E}.ReleaseXBAP|Any CPU.Build.0 = ReleaseXBAP|Any CPU
		{A5EB794C-7C62-4A0C-A441-ACF7D4074C5D}.Debug|Any CPU.ActiveCfg = Debug|Any CPU
		{A5EB794C-7C62-4A0C-A441-ACF7D4074C5D}.Debug|Any CPU.Build.0 = Debug|Any CPU
		{A5EB794C-7C62-4A0C-A441-ACF7D4074C5D}.Release|Any CPU.ActiveCfg = Release|Any CPU
		{A5EB794C-7C62-4A0C-A441-ACF7D4074C5D}.Release|Any CPU.Build.0 = Release|Any CPU
		{A5EB794C-7C62-4A0C-A441-ACF7D4074C5D}.ReleaseXBAP|Any CPU.ActiveCfg = ReleaseXBAP|Any CPU
		{A5EB794C-7C62-4A0C-A441-ACF7D4074C5D}.ReleaseXBAP|Any CPU.Build.0 = ReleaseXBAP|Any CPU
		{579AABDD-978C-4A17-8542-FAC4F2631B08}.Debug|Any CPU.ActiveCfg = Debug|Any CPU
		{579AABDD-978C-4A17-8542-FAC4F2631B08}.Debug|Any CPU.Build.0 = Debug|Any CPU
		{579AABDD-978C-4A17-8542-FAC4F2631B08}.Release|Any CPU.ActiveCfg = Release|Any CPU
		{579AABDD-978C-4A17-8542-FAC4F2631B08}.Release|Any CPU.Build.0 = Release|Any CPU
		{579AABDD-978C-4A17-8542-FAC4F2631B08}.ReleaseXBAP|Any CPU.ActiveCfg = ReleaseXBAP|Any CPU
		{579AABDD-978C-4A17-8542-FAC4F2631B08}.ReleaseXBAP|Any CPU.Build.0 = ReleaseXBAP|Any CPU
		{1F7C9B33-DB38-45B7-9899-2B0B4C725CB7}.Debug|Any CPU.ActiveCfg = Debug|Any CPU
		{1F7C9B33-DB38-45B7-9899-2B0B4C725CB7}.Debug|Any CPU.Build.0 = Debug|Any CPU
		{1F7C9B33-DB38-45B7-9899-2B0B4C725CB7}.Release|Any CPU.ActiveCfg = Release|Any CPU
		{1F7C9B33-DB38-45B7-9899-2B0B4C725CB7}.Release|Any CPU.Build.0 = Release|Any CPU
		{1F7C9B33-DB38-45B7-9899-2B0B4C725CB7}.ReleaseXBAP|Any CPU.ActiveCfg = Release|Any CPU
		{1F7C9B33-DB38-45B7-9899-2B0B4C725CB7}.ReleaseXBAP|Any CPU.Build.0 = Release|Any CPU
		{87501A9E-221C-4965-8F04-B7C1EADE4AFE}.Debug|Any CPU.ActiveCfg = Debug|Any CPU
		{87501A9E-221C-4965-8F04-B7C1EADE4AFE}.Debug|Any CPU.Build.0 = Debug|Any CPU
		{87501A9E-221C-4965-8F04-B7C1EADE4AFE}.Release|Any CPU.ActiveCfg = Release|Any CPU
		{87501A9E-221C-4965-8F04-B7C1EADE4AFE}.Release|Any CPU.Build.0 = Release|Any CPU
		{87501A9E-221C-4965-8F04-B7C1EADE4AFE}.ReleaseXBAP|Any CPU.ActiveCfg = ReleaseXBAP|Any CPU
		{87501A9E-221C-4965-8F04-B7C1EADE4AFE}.ReleaseXBAP|Any CPU.Build.0 = ReleaseXBAP|Any CPU
	EndGlobalSection
	GlobalSection(SolutionProperties) = preSolution
		HideSolutionNode = FALSE
	EndGlobalSection
	GlobalSection(ExtensibilityGlobals) = postSolution
		SolutionGuid = {59B87D99-8BA0-40CB-854C-B6A2EC29B3BA}
	EndGlobalSection
	GlobalSection(TestCaseManagementSettings) = postSolution
		CategoryFile = DynamicDataDisplay3.vsmdi
	EndGlobalSection
EndGlobal
